
Microsoft Visual Studio Solution File, Format Version 12.00
# Visual Studio Version 17
VisualStudioVersion = 17.0.31912.275
MinimumVisualStudioVersion = 10.0.40219.1
Project("{FAE04EC0-301F-11D3-BF4B-00C04F79EFBC}") = "Exercise8", "Exercise8\Exercise8.csproj", "{F5428BE5-EC30-4F6E-ACC7-52B32C27C2E8}"
EndProject
Project("{FAE04EC0-301F-11D3-BF4B-00C04F79EFBC}") = "Exercise8.Tests", "Exercise8.Tests\Exercise8.Tests.csproj", "{A8CFFC25-14DA-452E-8F90-5219D20E6E9D}"
EndProject
Global
	GlobalSection(SolutionConfigurationPlatforms) = preSolution
		Debug|Any CPU = Debug|Any CPU
		Release|Any CPU = Release|Any CPU
	EndGlobalSection
	GlobalSection(ProjectConfigurationPlatforms) = postSolution
		{F5428BE5-EC30-4F6E-ACC7-52B32C27C2E8}.Debug|Any CPU.ActiveCfg = Debug|Any CPU
		{F5428BE5-EC30-4F6E-ACC7-52B32C27C2E8}.Debug|Any CPU.Build.0 = Debug|Any CPU
		{F5428BE5-EC30-4F6E-ACC7-52B32C27C2E8}.Release|Any CPU.ActiveCfg = Release|Any CPU
		{F5428BE5-EC30-4F6E-ACC7-52B32C27C2E8}.Release|Any CPU.Build.0 = Release|Any CPU
		{A8CFFC25-14DA-452E-8F90-5219D20E6E9D}.Debug|Any CPU.ActiveCfg = Debug|Any CPU
		{A8CFFC25-14DA-452E-8F90-5219D20E6E9D}.Debug|Any CPU.Build.0 = Debug|Any CPU
		{A8CFFC25-14DA-452E-8F90-5219D20E6E9D}.Release|Any CPU.ActiveCfg = Release|Any CPU
		{A8CFFC25-14DA-452E-8F90-5219D20E6E9D}.Release|Any CPU.Build.0 = Release|Any CPU
	EndGlobalSection
	GlobalSection(SolutionProperties) = preSolution
		HideSolutionNode = FALSE
	EndGlobalSection
	GlobalSection(ExtensibilityGlobals) = postSolution
		SolutionGuid = {F4842AC2-35EF-440D-9DF6-3EF52718F5BA}
	EndGlobalSection
EndGlobal
