
Microsoft Visual Studio Solution File, Format Version 12.00
# Visual Studio Version 17
VisualStudioVersion = 17.0.31912.275
MinimumVisualStudioVersion = 10.0.40219.1
Project("{9A19103F-16F7-4668-BE54-9A1E7A4F7556}") = "MakeSounds", "MakeSounds.csproj", "{6A52EBD6-D456-4762-8B52-521B257B1CA7}"
EndProject
Global
	GlobalSection(SolutionConfigurationPlatforms) = preSolution
		Debug|Any CPU = Debug|Any CPU
		Release|Any CPU = Release|Any CPU
	EndGlobalSection
	GlobalSection(ProjectConfigurationPlatforms) = postSolution
		{6A52EBD6-D456-4762-8B52-521B257B1CA7}.Debug|Any CPU.ActiveCfg = Debug|Any CPU
		{6A52EBD6-D456-4762-8B52-521B257B1CA7}.Debug|Any CPU.Build.0 = Debug|Any CPU
		{6A52EBD6-D456-4762-8B52-521B257B1CA7}.Release|Any CPU.ActiveCfg = Release|Any CPU
		{6A52EBD6-D456-4762-8B52-521B257B1CA7}.Release|Any CPU.Build.0 = Release|Any CPU
	EndGlobalSection
	GlobalSection(SolutionProperties) = preSolution
		HideSolutionNode = FALSE
	EndGlobalSection
	GlobalSection(ExtensibilityGlobals) = postSolution
		SolutionGuid = {285A5F0C-55B6-49EE-AA0C-33A26703C70D}
	EndGlobalSection
EndGlobal
